<?xml version="1.0"?>
<plist version="1.0">
	<dict>
		<key>archiveVersion</key>
		<string>1</string>
		<key>classes</key>
		<dict />
		<key>objectVersion</key>
		<string>46</string>
		<key>objects</key>
		<dict>
			<key>AB521A41F5E4ABF9AE9CEC35</key>
			<dict>
				<key>explicitFileType</key>
				<string>sourcecode.c.h</string>
				<key>fileEncoding</key>
				<string>30</string>
				<key>isa</key>
				<string>PBXFileReference</string>
				<key>name</key>
				<string>ofxVideoPlayerObject.h</string>
				<key>path</key>
				<string>../../../addons/ofxSoso/src/ofxVideoPlayerObject.h</string>
				<key>sourceTree</key>
				<string>SOURCE_ROOT</string>
			</dict>
			<key>69777FA0857947FD813C3075</key>
			<dict>
				<key>fileRef</key>
				<string>D143F7DC3AF735AD2FF905A9</string>
				<key>isa</key>
				<string>PBXBuildFile</string>
			</dict>
			<key>D143F7DC3AF735AD2FF905A9</key>
			<dict>
				<key>explicitFileType</key>
				<string>sourcecode.cpp.cpp</string>
				<key>fileEncoding</key>
				<string>30</string>
				<key>isa</key>
				<string>PBXFileReference</string>
				<key>name</key>
				<string>ofxVideoPlayerObject.cpp</string>
				<key>path</key>
				<string>../../../addons/ofxSoso/src/ofxVideoPlayerObject.cpp</string>
				<key>sourceTree</key>
				<string>SOURCE_ROOT</string>
			</dict>
			<key>3AC3333F91F000CA4A04EC9C</key>
			<dict>
				<key>explicitFileType</key>
				<string>sourcecode.c.h</string>
				<key>fileEncoding</key>
				<string>30</string>
				<key>isa</key>
				<string>PBXFileReference</string>
				<key>name</key>
				<string>ofxTextureObject.h</string>
				<key>path</key>
				<string>../../../addons/ofxSoso/src/ofxTextureObject.h</string>
				<key>sourceTree</key>
				<string>SOURCE_ROOT</string>
			</dict>
			<key>39E75597F37EAAFA16256958</key>
			<dict>
				<key>fileRef</key>
				<string>3C2F39D6E31C3666BA05DF19</string>
				<key>isa</key>
				<string>PBXBuildFile</string>
			</dict>
			<key>3C2F39D6E31C3666BA05DF19</key>
			<dict>
				<key>explicitFileType</key>
				<string>sourcecode.cpp.cpp</string>
				<key>fileEncoding</key>
				<string>30</string>
				<key>isa</key>
				<string>PBXFileReference</string>
				<key>name</key>
				<string>ofxTextureObject.cpp</string>
				<key>path</key>
				<string>../../../addons/ofxSoso/src/ofxTextureObject.cpp</string>
				<key>sourceTree</key>
				<string>SOURCE_ROOT</string>
			</dict>
			<key>7AB14A61E6A54E3288CB3576</key>
			<dict>
				<key>explicitFileType</key>
				<string>sourcecode.c.h</string>
				<key>fileEncoding</key>
				<string>30</string>
				<key>isa</key>
				<string>PBXFileReference</string>
				<key>name</key>
				<string>ofxTextObject.h</string>
				<key>path</key>
				<string>../../../addons/ofxSoso/src/ofxTextObject.h</string>
				<key>sourceTree</key>
				<string>SOURCE_ROOT</string>
			</dict>
			<key>A329829FDD1F8CB9A0D9BA3B</key>
			<dict>
				<key>fileRef</key>
				<string>1867EDA0520FC2BC49D340C3</string>
				<key>isa</key>
				<string>PBXBuildFile</string>
			</dict>
			<key>1867EDA0520FC2BC49D340C3</key>
			<dict>
				<key>explicitFileType</key>
				<string>sourcecode.cpp.cpp</string>
				<key>fileEncoding</key>
				<string>30</string>
				<key>isa</key>
				<string>PBXFileReference</string>
				<key>name</key>
				<string>ofxTextObject.cpp</string>
				<key>path</key>
				<string>../../../addons/ofxSoso/src/ofxTextObject.cpp</string>
				<key>sourceTree</key>
				<string>SOURCE_ROOT</string>
			</dict>
			<key>CA43A411E2FBB724833F1094</key>
			<dict>
				<key>explicitFileType</key>
				<string>sourcecode.c.h</string>
				<key>fileEncoding</key>
				<string>30</string>
				<key>isa</key>
				<string>PBXFileReference</string>
				<key>name</key>
				<string>ofxStateMachine.h</string>
				<key>path</key>
				<string>../../../addons/ofxSoso/src/ofxStateMachine.h</string>
				<key>sourceTree</key>
				<string>SOURCE_ROOT</string>
			</dict>
			<key>22A492C7ECE9639317C8CA31</key>
			<dict>
				<key>fileRef</key>
				<string>2A4B1DD94A85840B9835871E</string>
				<key>isa</key>
				<string>PBXBuildFile</string>
			</dict>
			<key>2A4B1DD94A85840B9835871E</key>
			<dict>
				<key>explicitFileType</key>
				<string>sourcecode.cpp.cpp</string>
				<key>fileEncoding</key>
				<string>30</string>
				<key>isa</key>
				<string>PBXFileReference</string>
				<key>name</key>
				<string>ofxStateMachine.cpp</string>
				<key>path</key>
				<string>../../../addons/ofxSoso/src/ofxStateMachine.cpp</string>
				<key>sourceTree</key>
				<string>SOURCE_ROOT</string>
			</dict>
			<key>18DB839A0F8EA581C6AB6539</key>
			<dict>
				<key>explicitFileType</key>
				<string>sourcecode.c.h</string>
				<key>fileEncoding</key>
				<string>30</string>
				<key>isa</key>
				<string>PBXFileReference</string>
				<key>name</key>
				<string>ofxSosoTrueTypeFont.h</string>
				<key>path</key>
				<string>../../../addons/ofxSoso/src/ofxSosoTrueTypeFont.h</string>
				<key>sourceTree</key>
				<string>SOURCE_ROOT</string>
			</dict>
			<key>5D04709153840DD47890BD38</key>
			<dict>
				<key>fileRef</key>
				<string>E857925E24EB51A3EFD195FF</string>
				<key>isa</key>
				<string>PBXBuildFile</string>
			</dict>
			<key>E857925E24EB51A3EFD195FF</key>
			<dict>
				<key>explicitFileType</key>
				<string>sourcecode.cpp.cpp</string>
				<key>fileEncoding</key>
				<string>30</string>
				<key>isa</key>
				<string>PBXFileReference</string>
				<key>name</key>
				<string>ofxSosoTrueTypeFont.cpp</string>
				<key>path</key>
				<string>../../../addons/ofxSoso/src/ofxSosoTrueTypeFont.cpp</string>
				<key>sourceTree</key>
				<string>SOURCE_ROOT</string>
			</dict>
			<key>972B3429C88E4F76365D4DF7</key>
			<dict>
				<key>explicitFileType</key>
				<string>sourcecode.c.h</string>
				<key>fileEncoding</key>
				<string>30</string>
				<key>isa</key>
				<string>PBXFileReference</string>
				<key>name</key>
				<string>ofxSosoRenderer.h</string>
				<key>path</key>
				<string>../../../addons/ofxSoso/src/ofxSosoRenderer.h</string>
				<key>sourceTree</key>
				<string>SOURCE_ROOT</string>
			</dict>
			<key>2E431A558E275FEF7F84E1D3</key>
			<dict>
				<key>fileRef</key>
				<string>BD901B8A7A73F88A916BD483</string>
				<key>isa</key>
				<string>PBXBuildFile</string>
			</dict>
			<key>BD901B8A7A73F88A916BD483</key>
			<dict>
				<key>explicitFileType</key>
				<string>sourcecode.cpp.cpp</string>
				<key>fileEncoding</key>
				<string>30</string>
				<key>isa</key>
				<string>PBXFileReference</string>
				<key>name</key>
				<string>ofxSosoRenderer.cpp</string>
				<key>path</key>
				<string>../../../addons/ofxSoso/src/ofxSosoRenderer.cpp</string>
				<key>sourceTree</key>
				<string>SOURCE_ROOT</string>
			</dict>
			<key>D2C78EE557E53915E9F3E56B</key>
			<dict>
				<key>explicitFileType</key>
				<string>sourcecode.c.h</string>
				<key>fileEncoding</key>
				<string>30</string>
				<key>isa</key>
				<string>PBXFileReference</string>
				<key>name</key>
				<string>ofxScroller.h</string>
				<key>path</key>
				<string>../../../addons/ofxSoso/src/ofxScroller.h</string>
				<key>sourceTree</key>
				<string>SOURCE_ROOT</string>
			</dict>
			<key>57E0BB5D87B65CA786F6EC3C</key>
			<dict>
				<key>fileRef</key>
				<string>25962179A27E7955FD51750C</string>
				<key>isa</key>
				<string>PBXBuildFile</string>
			</dict>
			<key>25962179A27E7955FD51750C</key>
			<dict>
				<key>explicitFileType</key>
				<string>sourcecode.cpp.cpp</string>
				<key>fileEncoding</key>
				<string>30</string>
				<key>isa</key>
				<string>PBXFileReference</string>
				<key>name</key>
				<string>ofxScroller.cpp</string>
				<key>path</key>
				<string>../../../addons/ofxSoso/src/ofxScroller.cpp</string>
				<key>sourceTree</key>
				<string>SOURCE_ROOT</string>
			</dict>
			<key>5382AB30CD883BE0EFEB0A72</key>
			<dict>
				<key>explicitFileType</key>
				<string>sourcecode.c.h</string>
				<key>fileEncoding</key>
				<string>30</string>
				<key>isa</key>
				<string>PBXFileReference</string>
				<key>name</key>
				<string>ofxScene.h</string>
				<key>path</key>
				<string>../../../addons/ofxSoso/src/ofxScene.h</string>
				<key>sourceTree</key>
				<string>SOURCE_ROOT</string>
			</dict>
			<key>83469190215CCE8EDE111ACD</key>
			<dict>
				<key>fileRef</key>
				<string>4E467CC16CA2B259955D4988</string>
				<key>isa</key>
				<string>PBXBuildFile</string>
			</dict>
			<key>4E467CC16CA2B259955D4988</key>
			<dict>
				<key>explicitFileType</key>
				<string>sourcecode.cpp.cpp</string>
				<key>fileEncoding</key>
				<string>30</string>
				<key>isa</key>
				<string>PBXFileReference</string>
				<key>name</key>
				<string>ofxScene.cpp</string>
				<key>path</key>
				<string>../../../addons/ofxSoso/src/ofxScene.cpp</string>
				<key>sourceTree</key>
				<string>SOURCE_ROOT</string>
			</dict>
			<key>DE749CE5A7129BE4B6703EF7</key>
			<dict>
				<key>explicitFileType</key>
				<string>sourcecode.c.h</string>
				<key>fileEncoding</key>
				<string>30</string>
				<key>isa</key>
				<string>PBXFileReference</string>
				<key>name</key>
				<string>ofxRoundedArcObject.h</string>
				<key>path</key>
				<string>../../../addons/ofxSoso/src/ofxRoundedArcObject.h</string>
				<key>sourceTree</key>
				<string>SOURCE_ROOT</string>
			</dict>
			<key>2AB0BF4D0BAA3AA51BDB63F2</key>
			<dict>
				<key>fileRef</key>
				<string>EEB16A57D6EF00FF41CC2C0D</string>
				<key>isa</key>
				<string>PBXBuildFile</string>
			</dict>
			<key>EEB16A57D6EF00FF41CC2C0D</key>
			<dict>
				<key>explicitFileType</key>
				<string>sourcecode.cpp.cpp</string>
				<key>fileEncoding</key>
				<string>30</string>
				<key>isa</key>
				<string>PBXFileReference</string>
				<key>name</key>
				<string>ofxRoundedArcObject.cpp</string>
				<key>path</key>
				<string>../../../addons/ofxSoso/src/ofxRoundedArcObject.cpp</string>
				<key>sourceTree</key>
				<string>SOURCE_ROOT</string>
			</dict>
			<key>791D36F9013EC1AACDE84AE5</key>
			<dict>
				<key>explicitFileType</key>
				<string>sourcecode.c.h</string>
				<key>fileEncoding</key>
				<string>30</string>
				<key>isa</key>
				<string>PBXFileReference</string>
				<key>name</key>
				<string>ofxRectangleObject.h</string>
				<key>path</key>
				<string>../../../addons/ofxSoso/src/ofxRectangleObject.h</string>
				<key>sourceTree</key>
				<string>SOURCE_ROOT</string>
			</dict>
			<key>089ADEB3781631D6AE8DFABA</key>
			<dict>
				<key>fileRef</key>
				<string>2F952025A692B023C0A280DE</string>
				<key>isa</key>
				<string>PBXBuildFile</string>
			</dict>
			<key>2F952025A692B023C0A280DE</key>
			<dict>
				<key>explicitFileType</key>
				<string>sourcecode.cpp.cpp</string>
				<key>fileEncoding</key>
				<string>30</string>
				<key>isa</key>
				<string>PBXFileReference</string>
				<key>name</key>
				<string>ofxRectangleObject.cpp</string>
				<key>path</key>
				<string>../../../addons/ofxSoso/src/ofxRectangleObject.cpp</string>
				<key>sourceTree</key>
				<string>SOURCE_ROOT</string>
			</dict>
			<key>E7002B9637559993549D842D</key>
			<dict>
				<key>explicitFileType</key>
				<string>sourcecode.c.h</string>
				<key>fileEncoding</key>
				<string>30</string>
				<key>isa</key>
				<string>PBXFileReference</string>
				<key>name</key>
				<string>ofxQuadStripObject.h</string>
				<key>path</key>
				<string>../../../addons/ofxSoso/src/ofxQuadStripObject.h</string>
				<key>sourceTree</key>
				<string>SOURCE_ROOT</string>
			</dict>
			<key>55D2103B1B041FE28CE75CB6</key>
			<dict>
				<key>fileRef</key>
				<string>025293A2C2A90496842EDA03</string>
				<key>isa</key>
				<string>PBXBuildFile</string>
			</dict>
			<key>025293A2C2A90496842EDA03</key>
			<dict>
				<key>explicitFileType</key>
				<string>sourcecode.cpp.cpp</string>
				<key>fileEncoding</key>
				<string>30</string>
				<key>isa</key>
				<string>PBXFileReference</string>
				<key>name</key>
				<string>ofxQuadStripObject.cpp</string>
				<key>path</key>
				<string>../../../addons/ofxSoso/src/ofxQuadStripObject.cpp</string>
				<key>sourceTree</key>
				<string>SOURCE_ROOT</string>
			</dict>
			<key>B31A62F4D026638E16FDEE5B</key>
			<dict>
				<key>explicitFileType</key>
				<string>sourcecode.c.h</string>
				<key>fileEncoding</key>
				<string>30</string>
				<key>isa</key>
				<string>PBXFileReference</string>
				<key>name</key>
				<string>ofxPolygonObject.h</string>
				<key>path</key>
				<string>../../../addons/ofxSoso/src/ofxPolygonObject.h</string>
				<key>sourceTree</key>
				<string>SOURCE_ROOT</string>
			</dict>
			<key>082528782FB65D5EF4B0A04D</key>
			<dict>
				<key>fileRef</key>
				<string>54DD45CF67A4D09181F80123</string>
				<key>isa</key>
				<string>PBXBuildFile</string>
			</dict>
			<key>54DD45CF67A4D09181F80123</key>
			<dict>
				<key>explicitFileType</key>
				<string>sourcecode.cpp.cpp</string>
				<key>fileEncoding</key>
				<string>30</string>
				<key>isa</key>
				<string>PBXFileReference</string>
				<key>name</key>
				<string>ofxPolygonObject.cpp</string>
				<key>path</key>
				<string>../../../addons/ofxSoso/src/ofxPolygonObject.cpp</string>
				<key>sourceTree</key>
				<string>SOURCE_ROOT</string>
			</dict>
			<key>5D6F235E0A3D2C9A4D63FA28</key>
			<dict>
				<key>explicitFileType</key>
				<string>sourcecode.c.h</string>
				<key>fileEncoding</key>
				<string>30</string>
				<key>isa</key>
				<string>PBXFileReference</string>
				<key>name</key>
				<string>ofxObject.h</string>
				<key>path</key>
				<string>../../../addons/ofxSoso/src/ofxObject.h</string>
				<key>sourceTree</key>
				<string>SOURCE_ROOT</string>
			</dict>
			<key>411E380E38067EA20CF508DD</key>
			<dict>
				<key>fileRef</key>
				<string>D240445FC2EC96CEEEE45DF9</string>
				<key>isa</key>
				<string>PBXBuildFile</string>
			</dict>
			<key>D240445FC2EC96CEEEE45DF9</key>
			<dict>
				<key>explicitFileType</key>
				<string>sourcecode.cpp.cpp</string>
				<key>fileEncoding</key>
				<string>30</string>
				<key>isa</key>
				<string>PBXFileReference</string>
				<key>name</key>
				<string>ofxObject.cpp</string>
				<key>path</key>
				<string>../../../addons/ofxSoso/src/ofxObject.cpp</string>
				<key>sourceTree</key>
				<string>SOURCE_ROOT</string>
			</dict>
			<key>F05827BA243B3E1B4A6AE855</key>
			<dict>
				<key>explicitFileType</key>
				<string>sourcecode.c.h</string>
				<key>fileEncoding</key>
				<string>30</string>
				<key>isa</key>
				<string>PBXFileReference</string>
				<key>name</key>
				<string>ofxMessage.h</string>
				<key>path</key>
				<string>../../../addons/ofxSoso/src/ofxMessage.h</string>
				<key>sourceTree</key>
				<string>SOURCE_ROOT</string>
			</dict>
			<key>D75B00A224EDE9C92F2C1E19</key>
			<dict>
				<key>fileRef</key>
				<string>98B9E592844BA48006720D4F</string>
				<key>isa</key>
				<string>PBXBuildFile</string>
			</dict>
			<key>98B9E592844BA48006720D4F</key>
			<dict>
				<key>explicitFileType</key>
				<string>sourcecode.cpp.cpp</string>
				<key>fileEncoding</key>
				<string>30</string>
				<key>isa</key>
				<string>PBXFileReference</string>
				<key>name</key>
				<string>ofxMessage.cpp</string>
				<key>path</key>
				<string>../../../addons/ofxSoso/src/ofxMessage.cpp</string>
				<key>sourceTree</key>
				<string>SOURCE_ROOT</string>
			</dict>
			<key>C195000020718B3AB155CCFE</key>
			<dict>
				<key>explicitFileType</key>
				<string>sourcecode.c.h</string>
				<key>fileEncoding</key>
				<string>30</string>
				<key>isa</key>
				<string>PBXFileReference</string>
				<key>name</key>
				<string>ofxLineStripObject.h</string>
				<key>path</key>
				<string>../../../addons/ofxSoso/src/ofxLineStripObject.h</string>
				<key>sourceTree</key>
				<string>SOURCE_ROOT</string>
			</dict>
			<key>ED7586ABB7E49515C6E46F91</key>
			<dict>
				<key>fileRef</key>
				<string>F97AAC4CAEA318C4C1C25695</string>
				<key>isa</key>
				<string>PBXBuildFile</string>
			</dict>
			<key>F97AAC4CAEA318C4C1C25695</key>
			<dict>
				<key>explicitFileType</key>
				<string>sourcecode.cpp.cpp</string>
				<key>fileEncoding</key>
				<string>30</string>
				<key>isa</key>
				<string>PBXFileReference</string>
				<key>name</key>
				<string>ofxLineStripObject.cpp</string>
				<key>path</key>
				<string>../../../addons/ofxSoso/src/ofxLineStripObject.cpp</string>
				<key>sourceTree</key>
				<string>SOURCE_ROOT</string>
			</dict>
			<key>289310C1EAB9146B77A7CBE0</key>
			<dict>
				<key>explicitFileType</key>
				<string>sourcecode.c.h</string>
				<key>fileEncoding</key>
				<string>30</string>
				<key>isa</key>
				<string>PBXFileReference</string>
				<key>name</key>
				<string>ofxLineSegmentObject.h</string>
				<key>path</key>
				<string>../../../addons/ofxSoso/src/ofxLineSegmentObject.h</string>
				<key>sourceTree</key>
				<string>SOURCE_ROOT</string>
			</dict>
			<key>CF4E356A67C08055ED6AADFE</key>
			<dict>
				<key>fileRef</key>
				<string>9E6390CA2258F0453F281348</string>
				<key>isa</key>
				<string>PBXBuildFile</string>
			</dict>
			<key>9E6390CA2258F0453F281348</key>
			<dict>
				<key>explicitFileType</key>
				<string>sourcecode.cpp.cpp</string>
				<key>fileEncoding</key>
				<string>30</string>
				<key>isa</key>
				<string>PBXFileReference</string>
				<key>name</key>
				<string>ofxLineSegmentObject.cpp</string>
				<key>path</key>
				<string>../../../addons/ofxSoso/src/ofxLineSegmentObject.cpp</string>
				<key>sourceTree</key>
				<string>SOURCE_ROOT</string>
			</dict>
			<key>30E965EAAEA94682E1E1D595</key>
			<dict>
				<key>explicitFileType</key>
				<string>sourcecode.c.h</string>
				<key>fileEncoding</key>
				<string>30</string>
				<key>isa</key>
				<string>PBXFileReference</string>
				<key>name</key>
				<string>ofxLetterTextObject.h</string>
				<key>path</key>
				<string>../../../addons/ofxSoso/src/ofxLetterTextObject.h</string>
				<key>sourceTree</key>
				<string>SOURCE_ROOT</string>
			</dict>
			<key>6AA77BD162B345F4D73E6A76</key>
			<dict>
				<key>fileRef</key>
				<string>B58EC6183F5CCCA2820601F4</string>
				<key>isa</key>
				<string>PBXBuildFile</string>
			</dict>
			<key>B58EC6183F5CCCA2820601F4</key>
			<dict>
				<key>explicitFileType</key>
				<string>sourcecode.cpp.cpp</string>
				<key>fileEncoding</key>
				<string>30</string>
				<key>isa</key>
				<string>PBXFileReference</string>
				<key>name</key>
				<string>ofxLetterTextObject.cpp</string>
				<key>path</key>
				<string>../../../addons/ofxSoso/src/ofxLetterTextObject.cpp</string>
				<key>sourceTree</key>
				<string>SOURCE_ROOT</string>
			</dict>
			<key>4E37BE113BCAEBCD992C1E26</key>
			<dict>
				<key>explicitFileType</key>
				<string>sourcecode.c.h</string>
				<key>fileEncoding</key>
				<string>30</string>
				<key>isa</key>
				<string>PBXFileReference</string>
				<key>name</key>
				<string>ofxImageObject.h</string>
				<key>path</key>
				<string>../../../addons/ofxSoso/src/ofxImageObject.h</string>
				<key>sourceTree</key>
				<string>SOURCE_ROOT</string>
			</dict>
			<key>B3846C86F3D2850390A622A9</key>
			<dict>
				<key>fileRef</key>
				<string>D5BB032D5A64D6E43807227E</string>
				<key>isa</key>
				<string>PBXBuildFile</string>
			</dict>
			<key>D5BB032D5A64D6E43807227E</key>
			<dict>
				<key>explicitFileType</key>
				<string>sourcecode.cpp.cpp</string>
				<key>fileEncoding</key>
				<string>30</string>
				<key>isa</key>
				<string>PBXFileReference</string>
				<key>name</key>
				<string>ofxImageObject.cpp</string>
				<key>path</key>
				<string>../../../addons/ofxSoso/src/ofxImageObject.cpp</string>
				<key>sourceTree</key>
				<string>SOURCE_ROOT</string>
			</dict>
			<key>8713DC60AEF7EE8D8040796C</key>
			<dict>
				<key>explicitFileType</key>
				<string>sourcecode.c.h</string>
				<key>fileEncoding</key>
				<string>30</string>
				<key>isa</key>
				<string>PBXFileReference</string>
				<key>name</key>
				<string>ofxGridSystem.h</string>
				<key>path</key>
				<string>../../../addons/ofxSoso/src/ofxGridSystem.h</string>
				<key>sourceTree</key>
				<string>SOURCE_ROOT</string>
			</dict>
			<key>0BC1F0D4EA29002EA6B18D9E</key>
			<dict>
				<key>fileRef</key>
				<string>BE3D8B86F9BFB1A428B846F1</string>
				<key>isa</key>
				<string>PBXBuildFile</string>
			</dict>
			<key>BE3D8B86F9BFB1A428B846F1</key>
			<dict>
				<key>explicitFileType</key>
				<string>sourcecode.cpp.cpp</string>
				<key>fileEncoding</key>
				<string>30</string>
				<key>isa</key>
				<string>PBXFileReference</string>
				<key>name</key>
				<string>ofxGridSystem.cpp</string>
				<key>path</key>
				<string>../../../addons/ofxSoso/src/ofxGridSystem.cpp</string>
				<key>sourceTree</key>
				<string>SOURCE_ROOT</string>
			</dict>
			<key>F04B051F51816C99588293C4</key>
			<dict>
				<key>explicitFileType</key>
				<string>sourcecode.c.h</string>
				<key>fileEncoding</key>
				<string>30</string>
				<key>isa</key>
				<string>PBXFileReference</string>
				<key>name</key>
				<string>ofxFboObject.h</string>
				<key>path</key>
				<string>../../../addons/ofxSoso/src/ofxFboObject.h</string>
				<key>sourceTree</key>
				<string>SOURCE_ROOT</string>
			</dict>
			<key>D40DC81F5244E6A1B6F8E2E8</key>
			<dict>
				<key>fileRef</key>
				<string>B971BA298744506E9CFAD0AD</string>
				<key>isa</key>
				<string>PBXBuildFile</string>
			</dict>
			<key>B971BA298744506E9CFAD0AD</key>
			<dict>
				<key>explicitFileType</key>
				<string>sourcecode.cpp.cpp</string>
				<key>fileEncoding</key>
				<string>30</string>
				<key>isa</key>
				<string>PBXFileReference</string>
				<key>name</key>
				<string>ofxFboObject.cpp</string>
				<key>path</key>
				<string>../../../addons/ofxSoso/src/ofxFboObject.cpp</string>
				<key>sourceTree</key>
				<string>SOURCE_ROOT</string>
			</dict>
			<key>74DCE2AAB1C6BAE975A40835</key>
			<dict>
				<key>explicitFileType</key>
				<string>sourcecode.c.h</string>
				<key>fileEncoding</key>
				<string>30</string>
				<key>isa</key>
				<string>PBXFileReference</string>
				<key>name</key>
				<string>ofxDynamicPolygonObject.h</string>
				<key>path</key>
				<string>../../../addons/ofxSoso/src/ofxDynamicPolygonObject.h</string>
				<key>sourceTree</key>
				<string>SOURCE_ROOT</string>
			</dict>
			<key>404BF57A5B50E03E174CFB1C</key>
			<dict>
				<key>fileRef</key>
				<string>877AD38F5C3114689BBF52B6</string>
				<key>isa</key>
				<string>PBXBuildFile</string>
			</dict>
			<key>877AD38F5C3114689BBF52B6</key>
			<dict>
				<key>explicitFileType</key>
				<string>sourcecode.cpp.cpp</string>
				<key>fileEncoding</key>
				<string>30</string>
				<key>isa</key>
				<string>PBXFileReference</string>
				<key>name</key>
				<string>ofxDynamicPolygonObject.cpp</string>
				<key>path</key>
				<string>../../../addons/ofxSoso/src/ofxDynamicPolygonObject.cpp</string>
				<key>sourceTree</key>
				<string>SOURCE_ROOT</string>
			</dict>
			<key>AFC7033DC6715EA25589E45F</key>
			<dict>
				<key>explicitFileType</key>
				<string>sourcecode.c.h</string>
				<key>fileEncoding</key>
				<string>30</string>
				<key>isa</key>
				<string>PBXFileReference</string>
				<key>name</key>
				<string>ofxCircleObject.h</string>
				<key>path</key>
				<string>../../../addons/ofxSoso/src/ofxCircleObject.h</string>
				<key>sourceTree</key>
				<string>SOURCE_ROOT</string>
			</dict>
			<key>A58FEB1D912079D117E75407</key>
			<dict>
				<key>fileRef</key>
				<string>69EDA5D1CEF553AE63C3A512</string>
				<key>isa</key>
				<string>PBXBuildFile</string>
			</dict>
			<key>69EDA5D1CEF553AE63C3A512</key>
			<dict>
				<key>explicitFileType</key>
				<string>sourcecode.cpp.cpp</string>
				<key>fileEncoding</key>
				<string>30</string>
				<key>isa</key>
				<string>PBXFileReference</string>
				<key>name</key>
				<string>ofxCircleObject.cpp</string>
				<key>path</key>
				<string>../../../addons/ofxSoso/src/ofxCircleObject.cpp</string>
				<key>sourceTree</key>
				<string>SOURCE_ROOT</string>
			</dict>
			<key>16A7C828FC5C0350940D1098</key>
			<dict>
				<key>explicitFileType</key>
				<string>sourcecode.c.h</string>
				<key>fileEncoding</key>
				<string>30</string>
				<key>isa</key>
				<string>PBXFileReference</string>
				<key>name</key>
				<string>ofxArcObject.h</string>
				<key>path</key>
				<string>../../../addons/ofxSoso/src/ofxArcObject.h</string>
				<key>sourceTree</key>
				<string>SOURCE_ROOT</string>
			</dict>
			<key>E5C6A4E5B928524FBEF125DF</key>
			<dict>
				<key>fileRef</key>
				<string>D716502D80E95066B9056967</string>
				<key>isa</key>
				<string>PBXBuildFile</string>
			</dict>
			<key>D716502D80E95066B9056967</key>
			<dict>
				<key>explicitFileType</key>
				<string>sourcecode.cpp.cpp</string>
				<key>fileEncoding</key>
				<string>30</string>
				<key>isa</key>
				<string>PBXFileReference</string>
				<key>name</key>
				<string>ofxArcObject.cpp</string>
				<key>path</key>
				<string>../../../addons/ofxSoso/src/ofxArcObject.cpp</string>
				<key>sourceTree</key>
				<string>SOURCE_ROOT</string>
			</dict>
			<key>E2413011F1A523DC723DFA74</key>
			<dict>
				<key>explicitFileType</key>
				<string>sourcecode.c.h</string>
				<key>fileEncoding</key>
				<string>30</string>
				<key>isa</key>
				<string>PBXFileReference</string>
				<key>name</key>
				<string>ofxAnimation.h</string>
				<key>path</key>
				<string>../../../addons/ofxSoso/src/ofxAnimation.h</string>
				<key>sourceTree</key>
				<string>SOURCE_ROOT</string>
			</dict>
			<key>D0244E8B23E9BDA4222A2E1B</key>
			<dict>
				<key>children</key>
				<array>
					<string>DD735945BAD52F2A3C7E60C0</string>
					<string>E2413011F1A523DC723DFA74</string>
					<string>D716502D80E95066B9056967</string>
					<string>16A7C828FC5C0350940D1098</string>
					<string>69EDA5D1CEF553AE63C3A512</string>
					<string>AFC7033DC6715EA25589E45F</string>
					<string>877AD38F5C3114689BBF52B6</string>
					<string>74DCE2AAB1C6BAE975A40835</string>
					<string>B971BA298744506E9CFAD0AD</string>
					<string>F04B051F51816C99588293C4</string>
					<string>BE3D8B86F9BFB1A428B846F1</string>
					<string>8713DC60AEF7EE8D8040796C</string>
					<string>D5BB032D5A64D6E43807227E</string>
					<string>4E37BE113BCAEBCD992C1E26</string>
					<string>B58EC6183F5CCCA2820601F4</string>
					<string>30E965EAAEA94682E1E1D595</string>
					<string>9E6390CA2258F0453F281348</string>
					<string>289310C1EAB9146B77A7CBE0</string>
					<string>F97AAC4CAEA318C4C1C25695</string>
					<string>C195000020718B3AB155CCFE</string>
					<string>98B9E592844BA48006720D4F</string>
					<string>F05827BA243B3E1B4A6AE855</string>
					<string>D240445FC2EC96CEEEE45DF9</string>
					<string>5D6F235E0A3D2C9A4D63FA28</string>
					<string>54DD45CF67A4D09181F80123</string>
					<string>B31A62F4D026638E16FDEE5B</string>
					<string>025293A2C2A90496842EDA03</string>
					<string>E7002B9637559993549D842D</string>
					<string>2F952025A692B023C0A280DE</string>
					<string>791D36F9013EC1AACDE84AE5</string>
					<string>EEB16A57D6EF00FF41CC2C0D</string>
					<string>DE749CE5A7129BE4B6703EF7</string>
					<string>4E467CC16CA2B259955D4988</string>
					<string>5382AB30CD883BE0EFEB0A72</string>
					<string>25962179A27E7955FD51750C</string>
					<string>D2C78EE557E53915E9F3E56B</string>
					<string>BD901B8A7A73F88A916BD483</string>
					<string>972B3429C88E4F76365D4DF7</string>
					<string>E857925E24EB51A3EFD195FF</string>
					<string>18DB839A0F8EA581C6AB6539</string>
					<string>2A4B1DD94A85840B9835871E</string>
					<string>CA43A411E2FBB724833F1094</string>
					<string>1867EDA0520FC2BC49D340C3</string>
					<string>7AB14A61E6A54E3288CB3576</string>
					<string>3C2F39D6E31C3666BA05DF19</string>
					<string>3AC3333F91F000CA4A04EC9C</string>
					<string>D143F7DC3AF735AD2FF905A9</string>
					<string>AB521A41F5E4ABF9AE9CEC35</string>
				</array>
				<key>isa</key>
				<string>PBXGroup</string>
				<key>name</key>
				<string>src</string>
				<key>sourceTree</key>
				<string>&lt;group&gt;</string>
			</dict>
			<key>1A36ADDAF544F1D230A4DE59</key>
			<dict>
				<key>children</key>
				<array>
					<string>D0244E8B23E9BDA4222A2E1B</string>
				</array>
				<key>isa</key>
				<string>PBXGroup</string>
				<key>name</key>
				<string>ofxSoso</string>
				<key>sourceTree</key>
				<string>&lt;group&gt;</string>
			</dict>
			<key>BAC8B4E3CE85BD65D806FD54</key>
			<dict>
				<key>fileRef</key>
				<string>DD735945BAD52F2A3C7E60C0</string>
				<key>isa</key>
				<string>PBXBuildFile</string>
			</dict>
			<key>DD735945BAD52F2A3C7E60C0</key>
			<dict>
				<key>explicitFileType</key>
				<string>sourcecode.cpp.cpp</string>
				<key>fileEncoding</key>
				<string>30</string>
				<key>isa</key>
				<string>PBXFileReference</string>
				<key>name</key>
				<string>ofxAnimation.cpp</string>
				<key>path</key>
				<string>../../../addons/ofxSoso/src/ofxAnimation.cpp</string>
				<key>sourceTree</key>
				<string>SOURCE_ROOT</string>
			</dict>
			<key>2D129AB0F7D46B8DFCEADEDB</key>
			<dict>
				<key>explicitFileType</key>
				<string>sourcecode.c.h</string>
				<key>fileEncoding</key>
				<string>30</string>
				<key>isa</key>
				<string>PBXFileReference</string>
				<key>name</key>
				<string>testApp.h</string>
				<key>path</key>
				<string>src/testApp.h</string>
				<key>sourceTree</key>
				<string>SOURCE_ROOT</string>
			</dict>
			<key>29D734F0DDECC8C5978185D7</key>
			<dict>
				<key>fileRef</key>
				<string>00A1BFCBB38848AD0E0C8539</string>
				<key>isa</key>
				<string>PBXBuildFile</string>
			</dict>
			<key>00A1BFCBB38848AD0E0C8539</key>
			<dict>
				<key>explicitFileType</key>
				<string>sourcecode.cpp.cpp</string>
				<key>fileEncoding</key>
				<string>30</string>
				<key>isa</key>
				<string>PBXFileReference</string>
				<key>name</key>
				<string>testApp.cpp</string>
				<key>path</key>
				<string>src/testApp.cpp</string>
				<key>sourceTree</key>
				<string>SOURCE_ROOT</string>
			</dict>
			<key>BB4B014C10F69532006C3DED</key>
			<dict>
				<key>children</key>
				<array>
					<string>1A36ADDAF544F1D230A4DE59</string>
				</array>
				<key>isa</key>
				<string>PBXGroup</string>
				<key>name</key>
				<string>addons</string>
				<key>sourceTree</key>
				<string>&lt;group&gt;</string>
			</dict>
			<key>6948EE371B920CB800B5AC1A</key>
			<dict>
				<key>children</key>
				<array />
				<key>isa</key>
				<string>PBXGroup</string>
				<key>name</key>
				<string>local_addons</string>
				<key>sourceTree</key>
				<string>&lt;group&gt;</string>
			</dict>
			<key>E4328143138ABC890047C5CB</key>
			<dict>
				<key>isa</key>
				<string>PBXFileReference</string>
				<key>lastKnownFileType</key>
				<string>wrapper.pb-project</string>
				<key>name</key>
				<string>openFrameworksLib.xcodeproj</string>
				<key>path</key>
				<string>../../../libs/openFrameworksCompiled/project/osx/openFrameworksLib.xcodeproj</string>
				<key>sourceTree</key>
				<string>SOURCE_ROOT</string>
			</dict>
			<key>E4328144138ABC890047C5CB</key>
			<dict>
				<key>children</key>
				<array>
					<string>E4328148138ABC890047C5CB</string>
				</array>
				<key>isa</key>
				<string>PBXGroup</string>
				<key>name</key>
				<string>Products</string>
				<key>sourceTree</key>
				<string>&lt;group&gt;</string>
			</dict>
			<key>E4328147138ABC890047C5CB</key>
			<dict>
				<key>containerPortal</key>
				<string>E4328143138ABC890047C5CB</string>
				<key>isa</key>
				<string>PBXContainerItemProxy</string>
				<key>proxyType</key>
				<string>2</string>
				<key>remoteGlobalIDString</key>
				<string>E4B27C1510CBEB8E00536013</string>
				<key>remoteInfo</key>
				<string>openFrameworks</string>
			</dict>
			<key>E4328148138ABC890047C5CB</key>
			<dict>
				<key>fileType</key>
				<string>archive.ar</string>
				<key>isa</key>
				<string>PBXReferenceProxy</string>
				<key>path</key>
				<string>openFrameworksDebug.a</string>
				<key>remoteRef</key>
				<string>E4328147138ABC890047C5CB</string>
				<key>sourceTree</key>
				<string>BUILT_PRODUCTS_DIR</string>
			</dict>
			<key>E4328149138ABC9F0047C5CB</key>
			<dict>
				<key>fileRef</key>
				<string>E4328148138ABC890047C5CB</string>
				<key>isa</key>
				<string>PBXBuildFile</string>
			</dict>
			<key>E4B69B4A0A3A1720003C02F2</key>
			<dict>
				<key>children</key>
				<array>
					<string>E4B6FCAD0C3E899E008CF71C</string>
					<string>E4EB6923138AFD0F00A09F29</string>
					<string>E4B69E1C0A3A1BDC003C02F2</string>
					<string>E4EEC9E9138DF44700A80321</string>
					<string>BB4B014C10F69532006C3DED</string>
					<string>6948EE371B920CB800B5AC1A</string>
					<string>E4B69B5B0A3A1756003C02F2</string>
				</array>
				<key>isa</key>
				<string>PBXGroup</string>
				<key>sourceTree</key>
				<string>&lt;group&gt;</string>
			</dict>
			<key>E4B69B4C0A3A1720003C02F2</key>
			<dict>
				<key>attributes</key>
				<dict>
					<key>LastUpgradeCheck</key>
					<string>0600</string>
				</dict>
				<key>buildConfigurationList</key>
				<string>E4B69B4D0A3A1720003C02F2</string>
				<key>compatibilityVersion</key>
				<string>Xcode 3.2</string>
				<key>developmentRegion</key>
				<string>English</string>
				<key>hasScannedForEncodings</key>
				<string>0</string>
				<key>isa</key>
				<string>PBXProject</string>
				<key>knownRegions</key>
				<array>
					<string>English</string>
					<string>Japanese</string>
					<string>French</string>
					<string>German</string>
				</array>
				<key>mainGroup</key>
				<string>E4B69B4A0A3A1720003C02F2</string>
				<key>productRefGroup</key>
				<string>E4B69B4A0A3A1720003C02F2</string>
				<key>projectDirPath</key>
				<string />
				<key>projectReferences</key>
				<array>
					<dict>
						<key>ProductGroup</key>
						<string>E4328144138ABC890047C5CB</string>
						<key>ProjectRef</key>
						<string>E4328143138ABC890047C5CB</string>
					</dict>
				</array>
				<key>projectRoot</key>
				<string />
				<key>targets</key>
				<array>
					<string>E4B69B5A0A3A1756003C02F2</string>
				</array>
			</dict>
			<key>E4B69B4D0A3A1720003C02F2</key>
			<dict>
				<key>buildConfigurations</key>
				<array>
					<string>E4B69B4E0A3A1720003C02F2</string>
					<string>E4B69B4F0A3A1720003C02F2</string>
				</array>
				<key>defaultConfigurationIsVisible</key>
				<string>0</string>
				<key>defaultConfigurationName</key>
				<string>Release</string>
				<key>isa</key>
				<string>XCConfigurationList</string>
			</dict>
			<key>E4B69B4E0A3A1720003C02F2</key>
			<dict>
				<key>baseConfigurationReference</key>
				<string>E4EB6923138AFD0F00A09F29</string>
				<key>buildSettings</key>
				<dict>
					<key>HEADER_SEARCH_PATHS</key>
					<array>
						<string>$(OF_CORE_HEADERS)</string>
						<string>src</string>
						<string>../../../addons/ofxSoso/src</string>
					</array>
					<key>CONFIGURATION_BUILD_DIR</key>
					<string>$(SRCROOT)/bin/</string>
					<key>COPY_PHASE_STRIP</key>
					<string>NO</string>
					<key>DEAD_CODE_STRIPPING</key>
					<string>YES</string>
					<key>GCC_AUTO_VECTORIZATION</key>
					<string>YES</string>
					<key>GCC_ENABLE_SSE3_EXTENSIONS</key>
					<string>YES</string>
					<key>GCC_ENABLE_SUPPLEMENTAL_SSE3_INSTRUCTIONS</key>
					<string>YES</string>
					<key>GCC_INLINES_ARE_PRIVATE_EXTERN</key>
					<string>NO</string>
					<key>GCC_OPTIMIZATION_LEVEL</key>
					<string>0</string>
					<key>GCC_SYMBOLS_PRIVATE_EXTERN</key>
					<string>NO</string>
					<key>GCC_WARN_ABOUT_DEPRECATED_FUNCTIONS</key>
					<string>YES</string>
					<key>GCC_WARN_ABOUT_INVALID_OFFSETOF_MACRO</key>
					<string>NO</string>
					<key>GCC_WARN_ALLOW_INCOMPLETE_PROTOCOL</key>
					<string>NO</string>
					<key>GCC_WARN_UNINITIALIZED_AUTOS</key>
					<string>NO</string>
					<key>GCC_WARN_UNUSED_VALUE</key>
					<string>NO</string>
					<key>GCC_WARN_UNUSED_VARIABLE</key>
					<string>NO</string>
					<key>MACOSX_DEPLOYMENT_TARGET</key>
					<string>10.8</string>
					<key>ONLY_ACTIVE_ARCH</key>
					<string>YES</string>
					<key>OTHER_CPLUSPLUSFLAGS</key>
					<array>
						<string>-D__MACOSX_CORE__</string>
						<string>-mtune=native</string>
					</array>
					<key>SDKROOT</key>
					<string>macosx</string>
				</dict>
				<key>isa</key>
				<string>XCBuildConfiguration</string>
				<key>name</key>
				<string>Debug</string>
			</dict>
			<key>E4B69B4F0A3A1720003C02F2</key>
			<dict>
				<key>baseConfigurationReference</key>
				<string>E4EB6923138AFD0F00A09F29</string>
				<key>buildSettings</key>
				<dict>
					<key>HEADER_SEARCH_PATHS</key>
					<array>
						<string>$(OF_CORE_HEADERS)</string>
						<string>src</string>
						<string>../../../addons/ofxSoso/src</string>
					</array>
					<key>CONFIGURATION_BUILD_DIR</key>
					<string>$(SRCROOT)/bin/</string>
					<key>COPY_PHASE_STRIP</key>
					<string>YES</string>
					<key>DEAD_CODE_STRIPPING</key>
					<string>YES</string>
					<key>GCC_AUTO_VECTORIZATION</key>
					<string>YES</string>
					<key>GCC_ENABLE_SSE3_EXTENSIONS</key>
					<string>YES</string>
					<key>GCC_ENABLE_SUPPLEMENTAL_SSE3_INSTRUCTIONS</key>
					<string>YES</string>
					<key>GCC_INLINES_ARE_PRIVATE_EXTERN</key>
					<string>NO</string>
					<key>GCC_OPTIMIZATION_LEVEL</key>
					<string>3</string>
					<key>GCC_SYMBOLS_PRIVATE_EXTERN</key>
					<string>NO</string>
					<key>GCC_UNROLL_LOOPS</key>
					<string>YES</string>
					<key>GCC_WARN_ABOUT_DEPRECATED_FUNCTIONS</key>
					<string>YES</string>
					<key>GCC_WARN_ABOUT_INVALID_OFFSETOF_MACRO</key>
					<string>NO</string>
					<key>GCC_WARN_ALLOW_INCOMPLETE_PROTOCOL</key>
					<string>NO</string>
					<key>GCC_WARN_UNINITIALIZED_AUTOS</key>
					<string>NO</string>
					<key>GCC_WARN_UNUSED_VALUE</key>
					<string>NO</string>
					<key>GCC_WARN_UNUSED_VARIABLE</key>
					<string>NO</string>
					<key>MACOSX_DEPLOYMENT_TARGET</key>
					<string>10.8</string>
					<key>OTHER_CPLUSPLUSFLAGS</key>
					<array>
						<string>-D__MACOSX_CORE__</string>
						<string>-mtune=native</string>
					</array>
					<key>SDKROOT</key>
					<string>macosx</string>
				</dict>
				<key>isa</key>
				<string>XCBuildConfiguration</string>
				<key>name</key>
				<string>Release</string>
			</dict>
			<key>E4B69B580A3A1756003C02F2</key>
			<dict>
				<key>buildActionMask</key>
				<string>2147483647</string>
				<key>files</key>
				<array>
					<string>E4B69E200A3A1BDC003C02F2</string>
					<string>E4B69E210A3A1BDC003C02F2</string>
					<string>29D734F0DDECC8C5978185D7</string>
					<string>BAC8B4E3CE85BD65D806FD54</string>
					<string>E5C6A4E5B928524FBEF125DF</string>
					<string>A58FEB1D912079D117E75407</string>
					<string>404BF57A5B50E03E174CFB1C</string>
					<string>D40DC81F5244E6A1B6F8E2E8</string>
					<string>0BC1F0D4EA29002EA6B18D9E</string>
					<string>B3846C86F3D2850390A622A9</string>
					<string>6AA77BD162B345F4D73E6A76</string>
					<string>CF4E356A67C08055ED6AADFE</string>
					<string>ED7586ABB7E49515C6E46F91</string>
					<string>D75B00A224EDE9C92F2C1E19</string>
					<string>411E380E38067EA20CF508DD</string>
					<string>082528782FB65D5EF4B0A04D</string>
					<string>55D2103B1B041FE28CE75CB6</string>
					<string>089ADEB3781631D6AE8DFABA</string>
					<string>2AB0BF4D0BAA3AA51BDB63F2</string>
					<string>83469190215CCE8EDE111ACD</string>
					<string>57E0BB5D87B65CA786F6EC3C</string>
					<string>2E431A558E275FEF7F84E1D3</string>
					<string>5D04709153840DD47890BD38</string>
					<string>22A492C7ECE9639317C8CA31</string>
					<string>A329829FDD1F8CB9A0D9BA3B</string>
					<string>39E75597F37EAAFA16256958</string>
					<string>69777FA0857947FD813C3075</string>
				</array>
				<key>isa</key>
				<string>PBXSourcesBuildPhase</string>
				<key>runOnlyForDeploymentPostprocessing</key>
				<string>0</string>
			</dict>
			<key>E4B69B590A3A1756003C02F2</key>
			<dict>
				<key>buildActionMask</key>
				<string>2147483647</string>
				<key>files</key>
				<array>
					<string>E4328149138ABC9F0047C5CB</string>
				</array>
				<key>isa</key>
				<string>PBXFrameworksBuildPhase</string>
				<key>runOnlyForDeploymentPostprocessing</key>
				<string>0</string>
			</dict>
			<key>E4B69B5A0A3A1756003C02F2</key>
			<dict>
				<key>buildConfigurationList</key>
				<string>E4B69B5F0A3A1757003C02F2</string>
				<key>buildPhases</key>
				<array>
					<string>E4B69B580A3A1756003C02F2</string>
					<string>E4B69B590A3A1756003C02F2</string>
					<string>E4B6FFFD0C3F9AB9008CF71C</string>
					<string>E4C2427710CC5ABF004149E2</string>
				</array>
				<key>buildRules</key>
				<array />
				<key>dependencies</key>
				<array>
					<string>E4EEB9AC138B136A00A80321</string>
				</array>
				<key>isa</key>
				<string>PBXNativeTarget</string>
				<key>name</key>
				<string>soso</string>
				<key>productName</key>
				<string>myOFApp</string>
				<key>productReference</key>
				<string>E4B69B5B0A3A1756003C02F2</string>
				<key>productType</key>
				<string>com.apple.product-type.application</string>
			</dict>
			<key>E4B69B5B0A3A1756003C02F2</key>
			<dict>
				<key>explicitFileType</key>
				<string>wrapper.application</string>
				<key>includeInIndex</key>
				<string>0</string>
				<key>isa</key>
				<string>PBXFileReference</string>
				<key>path</key>
				<string>sosoDebug.app</string>
				<key>sourceTree</key>
				<string>BUILT_PRODUCTS_DIR</string>
			</dict>
			<key>E4B69B5F0A3A1757003C02F2</key>
			<dict>
				<key>buildConfigurations</key>
				<array>
					<string>E4B69B600A3A1757003C02F2</string>
					<string>E4B69B610A3A1757003C02F2</string>
				</array>
				<key>defaultConfigurationIsVisible</key>
				<string>0</string>
				<key>defaultConfigurationName</key>
				<string>Release</string>
				<key>isa</key>
				<string>XCConfigurationList</string>
			</dict>
			<key>E4B69B600A3A1757003C02F2</key>
			<dict>
				<key>baseConfigurationReference</key>
				<string>E4EB6923138AFD0F00A09F29</string>
				<key>buildSettings</key>
				<dict>
					<key>HEADER_SEARCH_PATHS</key>
					<array>
						<string>$(OF_CORE_HEADERS)</string>
						<string>src</string>
						<string>../../../addons/ofxSoso/src</string>
					</array>
					<key>COMBINE_HIDPI_IMAGES</key>
					<string>YES</string>
					<key>COPY_PHASE_STRIP</key>
					<string>NO</string>
					<key>FRAMEWORK_SEARCH_PATHS</key>
					<array>
						<string>$(inherited)</string>
						<string>$(FRAMEWORK_SEARCH_PATHS_QUOTED_FOR_TARGET_1)</string>
					</array>
					<key>FRAMEWORK_SEARCH_PATHS_QUOTED_FOR_TARGET_1</key>
					<string>"$(SRCROOT)/../../../libs/glut/lib/osx"</string>
					<key>GCC_DYNAMIC_NO_PIC</key>
					<string>NO</string>
					<key>GCC_GENERATE_DEBUGGING_SYMBOLS</key>
					<string>YES</string>
					<key>GCC_MODEL_TUNING</key>
					<string>NONE</string>
					<key>ICON</key>
					<string>$(ICON_NAME_DEBUG)</string>
					<key>ICON_FILE</key>
					<string>$(ICON_FILE_PATH)$(ICON)</string>
					<key>INFOPLIST_FILE</key>
					<string>openFrameworks-Info.plist</string>
					<key>INSTALL_PATH</key>
					<string>$(HOME)/Applications</string>
					<key>LIBRARY_SEARCH_PATHS</key>
					<string>$(inherited)</string>
					<key>PRODUCT_NAME</key>
					<string>$(TARGET_NAME)Debug</string>
					<key>WRAPPER_EXTENSION</key>
					<string>app</string>
				</dict>
				<key>isa</key>
				<string>XCBuildConfiguration</string>
				<key>name</key>
				<string>Debug</string>
			</dict>
			<key>E4B69B610A3A1757003C02F2</key>
			<dict>
				<key>baseConfigurationReference</key>
				<string>E4EB6923138AFD0F00A09F29</string>
				<key>buildSettings</key>
				<dict>
					<key>HEADER_SEARCH_PATHS</key>
					<array>
						<string>$(OF_CORE_HEADERS)</string>
						<string>src</string>
						<string>../../../addons/ofxSoso/src</string>
					</array>
					<key>COMBINE_HIDPI_IMAGES</key>
					<string>YES</string>
					<key>COPY_PHASE_STRIP</key>
					<string>YES</string>
					<key>FRAMEWORK_SEARCH_PATHS</key>
					<array>
						<string>$(inherited)</string>
						<string>$(FRAMEWORK_SEARCH_PATHS_QUOTED_FOR_TARGET_1)</string>
					</array>
					<key>FRAMEWORK_SEARCH_PATHS_QUOTED_FOR_TARGET_1</key>
					<string>"$(SRCROOT)/../../../libs/glut/lib/osx"</string>
					<key>GCC_GENERATE_DEBUGGING_SYMBOLS</key>
					<string>YES</string>
					<key>GCC_MODEL_TUNING</key>
					<string>NONE</string>
					<key>ICON</key>
					<string>$(ICON_NAME_RELEASE)</string>
					<key>ICON_FILE</key>
					<string>$(ICON_FILE_PATH)$(ICON)</string>
					<key>INFOPLIST_FILE</key>
					<string>openFrameworks-Info.plist</string>
					<key>INSTALL_PATH</key>
					<string>$(HOME)/Applications</string>
					<key>LIBRARY_SEARCH_PATHS</key>
					<string>$(inherited)</string>
					<key>PRODUCT_NAME</key>
					<string>$(TARGET_NAME)</string>
					<key>WRAPPER_EXTENSION</key>
					<string>app</string>
					<key>baseConfigurationReference</key>
					<string>E4EB6923138AFD0F00A09F29</string>
				</dict>
				<key>isa</key>
				<string>XCBuildConfiguration</string>
				<key>name</key>
				<string>Release</string>
			</dict>
			<key>E4B69E1C0A3A1BDC003C02F2</key>
			<dict>
				<key>children</key>
				<array>
					<string>E4B69E1D0A3A1BDC003C02F2</string>
					<string>E4B69E1E0A3A1BDC003C02F2</string>
					<string>E4B69E1F0A3A1BDC003C02F2</string>
					<string>00A1BFCBB38848AD0E0C8539</string>
					<string>2D129AB0F7D46B8DFCEADEDB</string>
				</array>
				<key>isa</key>
				<string>PBXGroup</string>
				<key>path</key>
				<string>src</string>
				<key>sourceTree</key>
				<string>SOURCE_ROOT</string>
			</dict>
			<key>E4B69E1D0A3A1BDC003C02F2</key>
			<dict>
				<key>fileEncoding</key>
				<string>30</string>
				<key>isa</key>
				<string>PBXFileReference</string>
				<key>lastKnownFileType</key>
				<string>sourcecode.cpp.cpp</string>
				<key>name</key>
				<string>main.cpp</string>
				<key>path</key>
				<string>src/main.cpp</string>
				<key>sourceTree</key>
				<string>SOURCE_ROOT</string>
			</dict>
			<key>E4B69E1E0A3A1BDC003C02F2</key>
			<dict>
				<key>explicitFileType</key>
				<string>sourcecode.cpp.cpp</string>
				<key>fileEncoding</key>
				<string>30</string>
				<key>isa</key>
				<string>PBXFileReference</string>
				<key>name</key>
				<string>ofApp.cpp</string>
				<key>path</key>
				<string>src/ofApp.cpp</string>
				<key>sourceTree</key>
				<string>SOURCE_ROOT</string>
			</dict>
			<key>E4B69E1F0A3A1BDC003C02F2</key>
			<dict>
				<key>fileEncoding</key>
				<string>30</string>
				<key>isa</key>
				<string>PBXFileReference</string>
				<key>lastKnownFileType</key>
				<string>sourcecode.c.h</string>
				<key>name</key>
				<string>ofApp.h</string>
				<key>path</key>
				<string>src/ofApp.h</string>
				<key>sourceTree</key>
				<string>SOURCE_ROOT</string>
			</dict>
			<key>E4B69E200A3A1BDC003C02F2</key>
			<dict>
				<key>fileRef</key>
				<string>E4B69E1D0A3A1BDC003C02F2</string>
				<key>isa</key>
				<string>PBXBuildFile</string>
			</dict>
			<key>E4B69E210A3A1BDC003C02F2</key>
			<dict>
				<key>fileRef</key>
				<string>E4B69E1E0A3A1BDC003C02F2</string>
				<key>isa</key>
				<string>PBXBuildFile</string>
			</dict>
			<key>E4B6FCAD0C3E899E008CF71C</key>
			<dict>
				<key>fileEncoding</key>
				<string>30</string>
				<key>isa</key>
				<string>PBXFileReference</string>
				<key>lastKnownFileType</key>
				<string>text.plist.xml</string>
				<key>path</key>
				<string>openFrameworks-Info.plist</string>
				<key>sourceTree</key>
				<string>&lt;group&gt;</string>
			</dict>
			<key>E4B6FFFD0C3F9AB9008CF71C</key>
			<dict>
				<key>buildActionMask</key>
				<string>2147483647</string>
				<key>files</key>
				<array />
				<key>inputPaths</key>
				<array />
				<key>isa</key>
				<string>PBXShellScriptBuildPhase</string>
				<key>outputPaths</key>
				<array />
				<key>runOnlyForDeploymentPostprocessing</key>
				<string>0</string>
				<key>shellPath</key>
				<string>/bin/sh</string>
				<key>shellScript</key>
				<string>rsync -aved ../../../libs/fmodex/lib/osx/libfmodex.dylib "$TARGET_BUILD_DIR/$PRODUCT_NAME.app/Contents/MacOS/"; install_name_tool -change ./libfmodex.dylib @executable_path/libfmodex.dylib "$TARGET_BUILD_DIR/$PRODUCT_NAME.app/Contents/MacOS/$PRODUCT_NAME";
mkdir -p "$TARGET_BUILD_DIR/$PRODUCT_NAME.app/Contents/Resources/"
rsync -aved "$ICON_FILE" "$TARGET_BUILD_DIR/$PRODUCT_NAME.app/Contents/Resources/"
rsync -aved ../../../libs/glut/lib/osx/GLUT.framework "$TARGET_BUILD_DIR/$PRODUCT_NAME.app/Contents/Frameworks/"
</string>
			</dict>
			<key>E4C2427710CC5ABF004149E2</key>
			<dict>
				<key>buildActionMask</key>
				<string>2147483647</string>
				<key>dstPath</key>
				<string />
				<key>dstSubfolderSpec</key>
				<string>10</string>
				<key>files</key>
				<array />
				<key>isa</key>
				<string>PBXCopyFilesBuildPhase</string>
				<key>runOnlyForDeploymentPostprocessing</key>
				<string>0</string>
			</dict>
			<key>E4EB691F138AFCF100A09F29</key>
			<dict>
				<key>fileEncoding</key>
				<string>4</string>
				<key>isa</key>
				<string>PBXFileReference</string>
				<key>lastKnownFileType</key>
				<string>text.xcconfig</string>
				<key>name</key>
				<string>CoreOF.xcconfig</string>
				<key>path</key>
				<string>../../../libs/openFrameworksCompiled/project/osx/CoreOF.xcconfig</string>
				<key>sourceTree</key>
				<string>SOURCE_ROOT</string>
			</dict>
			<key>E4EB6923138AFD0F00A09F29</key>
			<dict>
				<key>fileEncoding</key>
				<string>4</string>
				<key>isa</key>
				<string>PBXFileReference</string>
				<key>lastKnownFileType</key>
				<string>text.xcconfig</string>
				<key>path</key>
				<string>Project.xcconfig</string>
				<key>sourceTree</key>
				<string>&lt;group&gt;</string>
			</dict>
			<key>E4EEB9AB138B136A00A80321</key>
			<dict>
				<key>containerPortal</key>
				<string>E4328143138ABC890047C5CB</string>
				<key>isa</key>
				<string>PBXContainerItemProxy</string>
				<key>proxyType</key>
				<string>1</string>
				<key>remoteGlobalIDString</key>
				<string>E4B27C1410CBEB8E00536013</string>
				<key>remoteInfo</key>
				<string>openFrameworks</string>
			</dict>
			<key>E4EEB9AC138B136A00A80321</key>
			<dict>
				<key>isa</key>
				<string>PBXTargetDependency</string>
				<key>name</key>
				<string>openFrameworks</string>
				<key>targetProxy</key>
				<string>E4EEB9AB138B136A00A80321</string>
			</dict>
			<key>E4EEC9E9138DF44700A80321</key>
			<dict>
				<key>children</key>
				<array>
					<string>E4EB691F138AFCF100A09F29</string>
					<string>E4328143138ABC890047C5CB</string>
				</array>
				<key>isa</key>
				<string>PBXGroup</string>
				<key>name</key>
				<string>openFrameworks</string>
				<key>sourceTree</key>
				<string>&lt;group&gt;</string>
			</dict>
		</dict>
		<key>rootObject</key>
		<string>E4B69B4C0A3A1720003C02F2</string>
	</dict>
</plist>
